
Microsoft Visual Studio Solution File, Format Version 12.00
# Visual Studio Version 16
VisualStudioVersion = 16.0.30002.166
MinimumVisualStudioVersion = 10.0.40219.1
Project("{FAE04EC0-301F-11D3-BF4B-00C04F79EFBC}") = "AyudandoEnLaPandemia", "AyudandoEnLaPandemia.csproj", "{86292C7C-B0CE-42B9-9A34-4FFD6C052C40}"
EndProject
Project("{FAE04EC0-301F-11D3-BF4B-00C04F79EFBC}") = "Entidades", "..\Persona\Entidades.csproj", "{23C11395-8B03-4CF5-AD1B-24F3F67BCC19}"
EndProject
Global
	GlobalSection(SolutionConfigurationPlatforms) = preSolution
		Debug|Any CPU = Debug|Any CPU
		Release|Any CPU = Release|Any CPU
	EndGlobalSection
	GlobalSection(ProjectConfigurationPlatforms) = postSolution
		{86292C7C-B0CE-42B9-9A34-4FFD6C052C40}.Debug|Any CPU.ActiveCfg = Debug|Any CPU
		{86292C7C-B0CE-42B9-9A34-4FFD6C052C40}.Debug|Any CPU.Build.0 = Debug|Any CPU
		{86292C7C-B0CE-42B9-9A34-4FFD6C052C40}.Release|Any CPU.ActiveCfg = Release|Any CPU
		{86292C7C-B0CE-42B9-9A34-4FFD6C052C40}.Release|Any CPU.Build.0 = Release|Any CPU
		{23C11395-8B03-4CF5-AD1B-24F3F67BCC19}.Debug|Any CPU.ActiveCfg = Debug|Any CPU
		{23C11395-8B03-4CF5-AD1B-24F3F67BCC19}.Debug|Any CPU.Build.0 = Debug|Any CPU
		{23C11395-8B03-4CF5-AD1B-24F3F67BCC19}.Release|Any CPU.ActiveCfg = Release|Any CPU
		{23C11395-8B03-4CF5-AD1B-24F3F67BCC19}.Release|Any CPU.Build.0 = Release|Any CPU
	EndGlobalSection
	GlobalSection(SolutionProperties) = preSolution
		HideSolutionNode = FALSE
	EndGlobalSection
	GlobalSection(ExtensibilityGlobals) = postSolution
		SolutionGuid = {F713616A-79B5-41D4-B348-DED0D7FAA852}
	EndGlobalSection
EndGlobal
