
Microsoft Visual Studio Solution File, Format Version 12.00
# Visual Studio Version 16
VisualStudioVersion = 16.0.30002.166
MinimumVisualStudioVersion = 10.0.40219.1
Project("{FAE04EC0-301F-11D3-BF4B-00C04F79EFBC}") = "TPIntegrador_PWeb3", "TPIntegrador_PWeb3.csproj", "{7C621518-A735-454A-A901-C4368C4D44A5}"
EndProject
Project("{FAE04EC0-301F-11D3-BF4B-00C04F79EFBC}") = "AyudandoEnLaPandemia", "..\AyudandoEnLaPandemia\AyudandoEnLaPandemia.csproj", "{86292C7C-B0CE-42B9-9A34-4FFD6C052C40}"
EndProject
Project("{FAE04EC0-301F-11D3-BF4B-00C04F79EFBC}") = "Historial", "..\Historial\Historial.csproj", "{EE7B1337-5534-4769-9F29-FF3CD4C4F330}"
EndProject
Global
	GlobalSection(SolutionConfigurationPlatforms) = preSolution
		Debug|Any CPU = Debug|Any CPU
		Release|Any CPU = Release|Any CPU
	EndGlobalSection
	GlobalSection(ProjectConfigurationPlatforms) = postSolution
		{7C621518-A735-454A-A901-C4368C4D44A5}.Debug|Any CPU.ActiveCfg = Debug|Any CPU
		{7C621518-A735-454A-A901-C4368C4D44A5}.Debug|Any CPU.Build.0 = Debug|Any CPU
		{7C621518-A735-454A-A901-C4368C4D44A5}.Release|Any CPU.ActiveCfg = Release|Any CPU
		{7C621518-A735-454A-A901-C4368C4D44A5}.Release|Any CPU.Build.0 = Release|Any CPU
		{86292C7C-B0CE-42B9-9A34-4FFD6C052C40}.Debug|Any CPU.ActiveCfg = Debug|Any CPU
		{86292C7C-B0CE-42B9-9A34-4FFD6C052C40}.Debug|Any CPU.Build.0 = Debug|Any CPU
		{86292C7C-B0CE-42B9-9A34-4FFD6C052C40}.Release|Any CPU.ActiveCfg = Release|Any CPU
		{86292C7C-B0CE-42B9-9A34-4FFD6C052C40}.Release|Any CPU.Build.0 = Release|Any CPU
		{EE7B1337-5534-4769-9F29-FF3CD4C4F330}.Debug|Any CPU.ActiveCfg = Debug|Any CPU
		{EE7B1337-5534-4769-9F29-FF3CD4C4F330}.Debug|Any CPU.Build.0 = Debug|Any CPU
		{EE7B1337-5534-4769-9F29-FF3CD4C4F330}.Release|Any CPU.ActiveCfg = Release|Any CPU
		{EE7B1337-5534-4769-9F29-FF3CD4C4F330}.Release|Any CPU.Build.0 = Release|Any CPU
	EndGlobalSection
	GlobalSection(SolutionProperties) = preSolution
		HideSolutionNode = FALSE
	EndGlobalSection
	GlobalSection(ExtensibilityGlobals) = postSolution
		SolutionGuid = {2F1CC8E8-3A3E-4633-A8D7-2381253CB38C}
	EndGlobalSection
EndGlobal
